
Microsoft Visual Studio Solution File, Format Version 12.00
# Visual Studio Version 17
VisualStudioVersion = 17.9.34616.47
MinimumVisualStudioVersion = 10.0.40219.1
Project("{8BC9CEB8-8B4A-11D0-8D11-00A0C91BC942}") = "KolizeSDL2", "KolizeSDL2\KolizeSDL2.vcxproj", "{5C529394-9FE5-4EA5-A5DB-94FFD11A03F7}"
EndProject
Global
	GlobalSection(SolutionConfigurationPlatforms) = preSolution
		Debug|x64 = Debug|x64
		Debug|x86 = Debug|x86
		Release|x64 = Release|x64
		Release|x86 = Release|x86
	EndGlobalSection
	GlobalSection(ProjectConfigurationPlatforms) = postSolution
		{5C529394-9FE5-4EA5-A5DB-94FFD11A03F7}.Debug|x64.ActiveCfg = Debug|x64
		{5C529394-9FE5-4EA5-A5DB-94FFD11A03F7}.Debug|x64.Build.0 = Debug|x64
		{5C529394-9FE5-4EA5-A5DB-94FFD11A03F7}.Debug|x86.ActiveCfg = Debug|Win32
		{5C529394-9FE5-4EA5-A5DB-94FFD11A03F7}.Debug|x86.Build.0 = Debug|Win32
		{5C529394-9FE5-4EA5-A5DB-94FFD11A03F7}.Release|x64.ActiveCfg = Release|x64
		{5C529394-9FE5-4EA5-A5DB-94FFD11A03F7}.Release|x64.Build.0 = Release|x64
		{5C529394-9FE5-4EA5-A5DB-94FFD11A03F7}.Release|x86.ActiveCfg = Release|Win32
		{5C529394-9FE5-4EA5-A5DB-94FFD11A03F7}.Release|x86.Build.0 = Release|Win32
	EndGlobalSection
	GlobalSection(SolutionProperties) = preSolution
		HideSolutionNode = FALSE
	EndGlobalSection
	GlobalSection(ExtensibilityGlobals) = postSolution
		SolutionGuid = {53FBA350-FCB8-442A-83C1-23D3DBC96578}
	EndGlobalSection
EndGlobal
